// !$*UTF8*$!
{
	archiveVersion = 1;
	classes = {
	};
	objectVersion = 48;
	objects = {

/* Begin PBXBuildFile section */
		64298FCD201B6BBA00513E79 /* AppDelegate.m in Sources */ = {isa = PBXBuildFile; fileRef = 64298FCC201B6BBA00513E79 /* AppDelegate.m */; };
		64298FD0201B6BBA00513E79 /* ViewController.m in Sources */ = {isa = PBXBuildFile; fileRef = 64298FCF201B6BBA00513E79 /* ViewController.m */; };
		64298FD3201B6BBA00513E79 /* Main.storyboard in Resources */ = {isa = PBXBuildFile; fileRef = 64298FD1201B6BBA00513E79 /* Main.storyboard */; };
		64298FD5201B6BBA00513E79 /* Assets.xcassets in Resources */ = {isa = PBXBuildFile; fileRef = 64298FD4201B6BBA00513E79 /* Assets.xcassets */; };
		64298FD8201B6BBA00513E79 /* LaunchScreen.storyboard in Resources */ = {isa = PBXBuildFile; fileRef = 64298FD6201B6BBA00513E79 /* LaunchScreen.storyboard */; };
		64298FDB201B6BBA00513E79 /* main.m in Sources */ = {isa = PBXBuildFile; fileRef = 64298FDA201B6BBA00513E79 /* main.m */; };
		64298FE5201B6BBA00513E79 /* stv_project_2_1_13Tests.m in Sources */ = {isa = PBXBuildFile; fileRef = 64298FE4201B6BBA00513E79 /* stv_project_2_1_13Tests.m */; };
		64298FF0201B6BBA00513E79 /* stv_project_2_1_13UITests.m in Sources */ = {isa = PBXBuildFile; fileRef = 64298FEF201B6BBA00513E79 /* stv_project_2_1_13UITests.m */; };
		64298FFE201B6D8F00513E79 /* Media.xcassets in Resources */ = {isa = PBXBuildFile; fileRef = 64298FFD201B6D8F00513E79 /* Media.xcassets */; };
/* End PBXBuildFile section */

/* Begin PBXContainerItemProxy section */
		64298FE1201B6BBA00513E79 /* PBXContainerItemProxy */ = {
			isa = PBXContainerItemProxy;
			containerPortal = 64298FC0201B6BBA00513E79 /* Project object */;
			proxyType = 1;
			remoteGlobalIDString = 64298FC7201B6BBA00513E79;
			remoteInfo = "stv_project 2.1.13";
		};
		64298FEC201B6BBA00513E79 /* PBXContainerItemProxy */ = {
			isa = PBXContainerItemProxy;
			containerPortal = 64298FC0201B6BBA00513E79 /* Project object */;
			proxyType = 1;
			remoteGlobalIDString = 64298FC7201B6BBA00513E79;
			remoteInfo = "stv_project 2.1.13";
		};
/* End PBXContainerItemProxy section */

/* Begin PBXFileReference section */
		64298FC8201B6BBA00513E79 /* stv_project 2.1.13.app */ = {isa = PBXFileReference; explicitFileType = wrapper.application; includeInIndex = 0; path = "stv_project 2.1.13.app"; sourceTree = BUILT_PRODUCTS_DIR; };
		64298FCB201B6BBA00513E79 /* AppDelegate.h */ = {isa = PBXFileReference; lastKnownFileType = sourcecode.c.h; path = AppDelegate.h; sourceTree = "<group>"; };
		64298FCC201B6BBA00513E79 /* AppDelegate.m */ = {isa = PBXFileReference; lastKnownFileType = sourcecode.c.objc; path = AppDelegate.m; sourceTree = "<group>"; };
		64298FCE201B6BBA00513E79 /* ViewController.h */ = {isa = PBXFileReference; lastKnownFileType = sourcecode.c.h; path = ViewController.h; sourceTree = "<group>"; };
		64298FCF201B6BBA00513E79 /* ViewController.m */ = {isa = PBXFileReference; lastKnownFileType = sourcecode.c.objc; path = ViewController.m; sourceTree = "<group>"; };
		64298FD2201B6BBA00513E79 /* Base */ = {isa = PBXFileReference; lastKnownFileType = file.storyboard; name = Base; path = Base.lproj/Main.storyboard; sourceTree = "<group>"; };
		64298FD4201B6BBA00513E79 /* Assets.xcassets */ = {isa = PBXFileReference; lastKnownFileType = folder.assetcatalog; path = Assets.xcassets; sourceTree = "<group>"; };
		64298FD7201B6BBA00513E79 /* Base */ = {isa = PBXFileReference; lastKnownFileType = file.storyboard; name = Base; path = Base.lproj/LaunchScreen.storyboard; sourceTree = "<group>"; };
		64298FD9201B6BBA00513E79 /* Info.plist */ = {isa = PBXFileReference; lastKnownFileType = text.plist.xml; path = Info.plist; sourceTree = "<group>"; };
		64298FDA201B6BBA00513E79 /* main.m */ = {isa = PBXFileReference; lastKnownFileType = sourcecode.c.objc; path = main.m; sourceTree = "<group>"; };
		64298FE0201B6BBA00513E79 /* stv_project 2.1.13Tests.xctest */ = {isa = PBXFileReference; explicitFileType = wrapper.cfbundle; includeInIndex = 0; path = "stv_project 2.1.13Tests.xctest"; sourceTree = BUILT_PRODUCTS_DIR; };
		64298FE4201B6BBA00513E79 /* stv_project_2_1_13Tests.m */ = {isa = PBXFileReference; lastKnownFileType = sourcecode.c.objc; path = stv_project_2_1_13Tests.m; sourceTree = "<group>"; };
		64298FE6201B6BBA00513E79 /* Info.plist */ = {isa = PBXFileReference; lastKnownFileType = text.plist.xml; path = Info.plist; sourceTree = "<group>"; };
		64298FEB201B6BBA00513E79 /* stv_project 2.1.13UITests.xctest */ = {isa = PBXFileReference; explicitFileType = wrapper.cfbundle; includeInIndex = 0; path = "stv_project 2.1.13UITests.xctest"; sourceTree = BUILT_PRODUCTS_DIR; };
		64298FEF201B6BBA00513E79 /* stv_project_2_1_13UITests.m */ = {isa = PBXFileReference; lastKnownFileType = sourcecode.c.objc; path = stv_project_2_1_13UITests.m; sourceTree = "<group>"; };
		64298FF1201B6BBA00513E79 /* Info.plist */ = {isa = PBXFileReference; lastKnownFileType = text.plist.xml; path = Info.plist; sourceTree = "<group>"; };
		64298FFD201B6D8F00513E79 /* Media.xcassets */ = {isa = PBXFileReference; lastKnownFileType = folder.assetcatalog; path = Media.xcassets; sourceTree = "<group>"; };
/* End PBXFileReference section */

/* Begin PBXFrameworksBuildPhase section */
		64298FC5201B6BBA00513E79 /* Frameworks */ = {
			isa = PBXFrameworksBuildPhase;
			buildActionMask = 2147483647;
			files = (
			);
			runOnlyForDeploymentPostprocessing = 0;
		};
		64298FDD201B6BBA00513E79 /* Frameworks */ = {
			isa = PBXFrameworksBuildPhase;
			buildActionMask = 2147483647;
			files = (
			);
			runOnlyForDeploymentPostprocessing = 0;
		};
		64298FE8201B6BBA00513E79 /* Frameworks */ = {
			isa = PBXFrameworksBuildPhase;
			buildActionMask = 2147483647;
			files = (
			);
			runOnlyForDeploymentPostprocessing = 0;
		};
/* End PBXFrameworksBuildPhase section */

/* Begin PBXGroup section */
		64298FBF201B6BBA00513E79 = {
			isa = PBXGroup;
			children = (
				64298FCA201B6BBA00513E79 /* stv_project 2.1.13 */,
				64298FE3201B6BBA00513E79 /* stv_project 2.1.13Tests */,
				64298FEE201B6BBA00513E79 /* stv_project 2.1.13UITests */,
				64298FC9201B6BBA00513E79 /* Products */,
			);
			sourceTree = "<group>";
		};
		64298FC9201B6BBA00513E79 /* Products */ = {
			isa = PBXGroup;
			children = (
				64298FC8201B6BBA00513E79 /* stv_project 2.1.13.app */,
				64298FE0201B6BBA00513E79 /* stv_project 2.1.13Tests.xctest */,
				64298FEB201B6BBA00513E79 /* stv_project 2.1.13UITests.xctest */,
			);
			name = Products;
			sourceTree = "<group>";
		};
		64298FCA201B6BBA00513E79 /* stv_project 2.1.13 */ = {
			isa = PBXGroup;
			children = (
				64298FCB201B6BBA00513E79 /* AppDelegate.h */,
				64298FCC201B6BBA00513E79 /* AppDelegate.m */,
				64298FFD201B6D8F00513E79 /* Media.xcassets */,
				64298FCE201B6BBA00513E79 /* ViewController.h */,
				64298FCF201B6BBA00513E79 /* ViewController.m */,
				64298FD1201B6BBA00513E79 /* Main.storyboard */,
				64298FD4201B6BBA00513E79 /* Assets.xcassets */,
				64298FD6201B6BBA00513E79 /* LaunchScreen.storyboard */,
				64298FD9201B6BBA00513E79 /* Info.plist */,
				64298FDA201B6BBA00513E79 /* main.m */,
			);
			path = "stv_project 2.1.13";
			sourceTree = "<group>";
		};
		64298FE3201B6BBA00513E79 /* stv_project 2.1.13Tests */ = {
			isa = PBXGroup;
			children = (
				64298FE4201B6BBA00513E79 /* stv_project_2_1_13Tests.m */,
				64298FE6201B6BBA00513E79 /* Info.plist */,
			);
			path = "stv_project 2.1.13Tests";
			sourceTree = "<group>";
		};
		64298FEE201B6BBA00513E79 /* stv_project 2.1.13UITests */ = {
			isa = PBXGroup;
			children = (
				64298FEF201B6BBA00513E79 /* stv_project_2_1_13UITests.m */,
				64298FF1201B6BBA00513E79 /* Info.plist */,
			);
			path = "stv_project 2.1.13UITests";
			sourceTree = "<group>";
		};
/* End PBXGroup section */

/* Begin PBXNativeTarget section */
		64298FC7201B6BBA00513E79 /* stv_project 2.1.13 */ = {
			isa = PBXNativeTarget;
			buildConfigurationList = 64298FF4201B6BBA00513E79 /* Build configuration list for PBXNativeTarget "stv_project 2.1.13" */;
			buildPhases = (
				64298FC4201B6BBA00513E79 /* Sources */,
				64298FC5201B6BBA00513E79 /* Frameworks */,
				64298FC6201B6BBA00513E79 /* Resources */,
			);
			buildRules = (
			);
			dependencies = (
			);
			name = "stv_project 2.1.13";
			productName = "stv_project 2.1.13";
			productReference = 64298FC8201B6BBA00513E79 /* stv_project 2.1.13.app */;
			productType = "com.apple.product-type.application";
		};
		64298FDF201B6BBA00513E79 /* stv_project 2.1.13Tests */ = {
			isa = PBXNativeTarget;
			buildConfigurationList = 64298FF7201B6BBA00513E79 /* Build configuration list for PBXNativeTarget "stv_project 2.1.13Tests" */;
			buildPhases = (
				64298FDC201B6BBA00513E79 /* Sources */,
				64298FDD201B6BBA00513E79 /* Frameworks */,
				64298FDE201B6BBA00513E79 /* Resources */,
			);
			buildRules = (
			);
			dependencies = (
				64298FE2201B6BBA00513E79 /* PBXTargetDependency */,
			);
			name = "stv_project 2.1.13Tests";
			productName = "stv_project 2.1.13Tests";
			productReference = 64298FE0201B6BBA00513E79 /* stv_project 2.1.13Tests.xctest */;
			productType = "com.apple.product-type.bundle.unit-test";
		};
		64298FEA201B6BBA00513E79 /* stv_project 2.1.13UITests */ = {
			isa = PBXNativeTarget;
			buildConfigurationList = 64298FFA201B6BBA00513E79 /* Build configuration list for PBXNativeTarget "stv_project 2.1.13UITests" */;
			buildPhases = (
				64298FE7201B6BBA00513E79 /* Sources */,
				64298FE8201B6BBA00513E79 /* Frameworks */,
				64298FE9201B6BBA00513E79 /* Resources */,
			);
			buildRules = (
			);
			dependencies = (
				64298FED201B6BBA00513E79 /* PBXTargetDependency */,
			);
			name = "stv_project 2.1.13UITests";
			productName = "stv_project 2.1.13UITests";
			productReference = 64298FEB201B6BBA00513E79 /* stv_project 2.1.13UITests.xctest */;
			productType = "com.apple.product-type.bundle.ui-testing";
		};
/* End PBXNativeTarget section */

/* Begin PBXProject section */
		64298FC0201B6BBA00513E79 /* Project object */ = {
			isa = PBXProject;
			attributes = {
				LastUpgradeCheck = 0920;
				ORGANIZATIONNAME = kazua;
				TargetAttributes = {
					64298FC7201B6BBA00513E79 = {
						CreatedOnToolsVersion = 9.2;
						ProvisioningStyle = Automatic;
					};
					64298FDF201B6BBA00513E79 = {
						CreatedOnToolsVersion = 9.2;
						ProvisioningStyle = Automatic;
						TestTargetID = 64298FC7201B6BBA00513E79;
					};
					64298FEA201B6BBA00513E79 = {
						CreatedOnToolsVersion = 9.2;
						ProvisioningStyle = Automatic;
						TestTargetID = 64298FC7201B6BBA00513E79;
					};
				};
			};
			buildConfigurationList = 64298FC3201B6BBA00513E79 /* Build configuration list for PBXProject "stv_project 2.1.13" */;
			compatibilityVersion = "Xcode 8.0";
			developmentRegion = en;
			hasScannedForEncodings = 0;
			knownRegions = (
				en,
				Base,
			);
			mainGroup = 64298FBF201B6BBA00513E79;
			productRefGroup = 64298FC9201B6BBA00513E79 /* Products */;
			projectDirPath = "";
			projectRoot = "";
			targets = (
				64298FC7201B6BBA00513E79 /* stv_project 2.1.13 */,
				64298FDF201B6BBA00513E79 /* stv_project 2.1.13Tests */,
				64298FEA201B6BBA00513E79 /* stv_project 2.1.13UITests */,
			);
		};
/* End PBXProject section */

/* Begin PBXResourcesBuildPhase section */
		64298FC6201B6BBA00513E79 /* Resources */ = {
			isa = PBXResourcesBuildPhase;
			buildActionMask = 2147483647;
			files = (
				64298FD8201B6BBA00513E79 /* LaunchScreen.storyboard in Resources */,
				64298FD5201B6BBA00513E79 /* Assets.xcassets in Resources */,
				64298FFE201B6D8F00513E79 /* Media.xcassets in Resources */,
				64298FD3201B6BBA00513E79 /* Main.storyboard in Resources */,
			);
			runOnlyForDeploymentPostprocessing = 0;
		};
		64298FDE201B6BBA00513E79 /* Resources */ = {
			isa = PBXResourcesBuildPhase;
			buildActionMask = 2147483647;
			files = (
			);
			runOnlyForDeploymentPostprocessing = 0;
		};
		64298FE9201B6BBA00513E79 /* Resources */ = {
			isa = PBXResourcesBuildPhase;
			buildActionMask = 2147483647;
			files = (
			);
			runOnlyForDeploymentPostprocessing = 0;
		};
/* End PBXResourcesBuildPhase section */

/* Begin PBXSourcesBuildPhase section */
		64298FC4201B6BBA00513E79 /* Sources */ = {
			isa = PBXSourcesBuildPhase;
			buildActionMask = 2147483647;
			files = (
				64298FD0201B6BBA00513E79 /* ViewController.m in Sources */,
				64298FDB201B6BBA00513E79 /* main.m in Sources */,
				64298FCD201B6BBA00513E79 /* AppDelegate.m in Sources */,
			);
			runOnlyForDeploymentPostprocessing = 0;
		};
		64298FDC201B6BBA00513E79 /* Sources */ = {
			isa = PBXSourcesBuildPhase;
			buildActionMask = 2147483647;
			files = (
				64298FE5201B6BBA00513E79 /* stv_project_2_1_13Tests.m in Sources */,
			);
			runOnlyForDeploymentPostprocessing = 0;
		};
		64298FE7201B6BBA00513E79 /* Sources */ = {
			isa = PBXSourcesBuildPhase;
			buildActionMask = 2147483647;
			files = (
				64298FF0201B6BBA00513E79 /* stv_project_2_1_13UITests.m in Sources */,
			);
			runOnlyForDeploymentPostprocessing = 0;
		};
/* End PBXSourcesBuildPhase section */

/* Begin PBXTargetDependency section */
		64298FE2201B6BBA00513E79 /* PBXTargetDependency */ = {
			isa = PBXTargetDependency;
			target = 64298FC7201B6BBA00513E79 /* stv_project 2.1.13 */;
			targetProxy = 64298FE1201B6BBA00513E79 /* PBXContainerItemProxy */;
		};
		64298FED201B6BBA00513E79 /* PBXTargetDependency */ = {
			isa = PBXTargetDependency;
			target = 64298FC7201B6BBA00513E79 /* stv_project 2.1.13 */;
			targetProxy = 64298FEC201B6BBA00513E79 /* PBXContainerItemProxy */;
		};
/* End PBXTargetDependency section */

/* Begin PBXVariantGroup section */
		64298FD1201B6BBA00513E79 /* Main.storyboard */ = {
			isa = PBXVariantGroup;
			children = (
				64298FD2201B6BBA00513E79 /* Base */,
			);
			name = Main.storyboard;
			sourceTree = "<group>";
		};
		64298FD6201B6BBA00513E79 /* LaunchScreen.storyboard */ = {
			isa = PBXVariantGroup;
			children = (
				64298FD7201B6BBA00513E79 /* Base */,
			);
			name = LaunchScreen.storyboard;
			sourceTree = "<group>";
		};
/* End PBXVariantGroup section */

/* Begin XCBuildConfiguration section */
		64298FF2201B6BBA00513E79 /* Debug */ = {
			isa = XCBuildConfiguration;
			buildSettings = {
				ALWAYS_SEARCH_USER_PATHS = NO;
				CLANG_ANALYZER_NONNULL = YES;
				CLANG_ANALYZER_NUMBER_OBJECT_CONVERSION = YES_AGGRESSIVE;
				CLANG_CXX_LANGUAGE_STANDARD = "gnu++14";
				CLANG_CXX_LIBRARY = "libc++";
				CLANG_ENABLE_MODULES = YES;
				CLANG_ENABLE_OBJC_ARC = YES;
				CLANG_WARN_BLOCK_CAPTURE_AUTORELEASING = YES;
				CLANG_WARN_BOOL_CONVERSION = YES;
				CLANG_WARN_COMMA = YES;
				CLANG_WARN_CONSTANT_CONVERSION = YES;
				CLANG_WARN_DIRECT_OBJC_ISA_USAGE = YES_ERROR;
				CLANG_WARN_DOCUMENTATION_COMMENTS = YES;
				CLANG_WARN_EMPTY_BODY = YES;
				CLANG_WARN_ENUM_CONVERSION = YES;
				CLANG_WARN_INFINITE_RECURSION = YES;
				CLANG_WARN_INT_CONVERSION = YES;
				CLANG_WARN_NON_LITERAL_NULL_CONVERSION = YES;
				CLANG_WARN_OBJC_LITERAL_CONVERSION = YES;
				CLANG_WARN_OBJC_ROOT_CLASS = YES_ERROR;
				CLANG_WARN_RANGE_LOOP_ANALYSIS = YES;
				CLANG_WARN_STRICT_PROTOTYPES = YES;
				CLANG_WARN_SUSPICIOUS_MOVE = YES;
				CLANG_WARN_UNGUARDED_AVAILABILITY = YES_AGGRESSIVE;
				CLANG_WARN_UNREACHABLE_CODE = YES;
				CLANG_WARN__DUPLICATE_METHOD_MATCH = YES;
				CODE_SIGN_IDENTITY = "iPhone Developer";
				COPY_PHASE_STRIP = NO;
				DEBUG_INFORMATION_FORMAT = dwarf;
				ENABLE_STRICT_OBJC_MSGSEND = YES;
				ENABLE_TESTABILITY = YES;
				GCC_C_LANGUAGE_STANDARD = gnu11;
				GCC_DYNAMIC_NO_PIC = NO;
				GCC_NO_COMMON_BLOCKS = YES;
				GCC_OPTIMIZATION_LEVEL = 0;
				GCC_PREPROCESSOR_DEFINITIONS = (
					"DEBUG=1",
					"$(inherited)",
				);
				GCC_WARN_64_TO_32_BIT_CONVERSION = YES;
				GCC_WARN_ABOUT_RETURN_TYPE = YES_ERROR;
				GCC_WARN_UNDECLARED_SELECTOR = YES;
				GCC_WARN_UNINITIALIZED_AUTOS = YES_AGGRESSIVE;
				GCC_WARN_UNUSED_FUNCTION = YES;
				GCC_WARN_UNUSED_VARIABLE = YES;
				IPHONEOS_DEPLOYMENT_TARGET = 11.2;
				MTL_ENABLE_DEBUG_INFO = YES;
				ONLY_ACTIVE_ARCH = YES;
				SDKROOT = iphoneos;
			};
			name = Debug;
		};
		64298FF3201B6BBA00513E79 /* Release */ = {
			isa = XCBuildConfiguration;
			buildSettings = {
				ALWAYS_SEARCH_USER_PATHS = NO;
				CLANG_ANALYZER_NONNULL = YES;
				CLANG_ANALYZER_NUMBER_OBJECT_CONVERSION = YES_AGGRESSIVE;
				CLANG_CXX_LANGUAGE_STANDARD = "gnu++14";
				CLANG_CXX_LIBRARY = "libc++";
				CLANG_ENABLE_MODULES = YES;
				CLANG_ENABLE_OBJC_ARC = YES;
				CLANG_WARN_BLOCK_CAPTURE_AUTORELEASING = YES;
				CLANG_WARN_BOOL_CONVERSION = YES;
				CLANG_WARN_COMMA = YES;
				CLANG_WARN_CONSTANT_CONVERSION = YES;
				CLANG_WARN_DIRECT_OBJC_ISA_USAGE = YES_ERROR;
				CLANG_WARN_DOCUMENTATION_COMMENTS = YES;
				CLANG_WARN_EMPTY_BODY = YES;
				CLANG_WARN_ENUM_CONVERSION = YES;
				CLANG_WARN_INFINITE_RECURSION = YES;
				CLANG_WARN_INT_CONVERSION = YES;
				CLANG_WARN_NON_LITERAL_NULL_CONVERSION = YES;
				CLANG_WARN_OBJC_LITERAL_CONVERSION = YES;
				CLANG_WARN_OBJC_ROOT_CLASS = YES_ERROR;
				CLANG_WARN_RANGE_LOOP_ANALYSIS = YES;
				CLANG_WARN_STRICT_PROTOTYPES = YES;
				CLANG_WARN_SUSPICIOUS_MOVE = YES;
				CLANG_WARN_UNGUARDED_AVAILABILITY = YES_AGGRESSIVE;
				CLANG_WARN_UNREACHABLE_CODE = YES;
				CLANG_WARN__DUPLICATE_METHOD_MATCH = YES;
				CODE_SIGN_IDENTITY = "iPhone Developer";
				COPY_PHASE_STRIP = NO;
				DEBUG_INFORMATION_FORMAT = "dwarf-with-dsym";
				ENABLE_NS_ASSERTIONS = NO;
				ENABLE_STRICT_OBJC_MSGSEND = YES;
				GCC_C_LANGUAGE_STANDARD = gnu11;
				GCC_NO_COMMON_BLOCKS = YES;
				GCC_WARN_64_TO_32_BIT_CONVERSION = YES;
				GCC_WARN_ABOUT_RETURN_TYPE = YES_ERROR;
				GCC_WARN_UNDECLARED_SELECTOR = YES;
				GCC_WARN_UNINITIALIZED_AUTOS = YES_AGGRESSIVE;
				GCC_WARN_UNUSED_FUNCTION = YES;
				GCC_WARN_UNUSED_VARIABLE = YES;
				IPHONEOS_DEPLOYMENT_TARGET = 11.2;
				MTL_ENABLE_DEBUG_INFO = NO;
				SDKROOT = iphoneos;
				VALIDATE_PRODUCT = YES;
			};
			name = Release;
		};
		64298FF5201B6BBA00513E79 /* Debug */ = {
			isa = XCBuildConfiguration;
			buildSettings = {
				ASSETCATALOG_COMPILER_APPICON_NAME = AppIcon;
				CODE_SIGN_STYLE = Automatic;
				INFOPLIST_FILE = "stv_project 2.1.13/Info.plist";
				LD_RUNPATH_SEARCH_PATHS = "$(inherited) @executable_path/Frameworks";
				PRODUCT_BUNDLE_IDENTIFIER = "com.aoki.stv-project-2-1-13";
				PRODUCT_NAME = "$(TARGET_NAME)";
				TARGETED_DEVICE_FAMILY = "1,2";
			};
			name = Debug;
		};
		64298FF6201B6BBA00513E79 /* Release */ = {
			isa = XCBuildConfiguration;
			buildSettings = {
				ASSETCATALOG_COMPILER_APPICON_NAME = AppIcon;
				CODE_SIGN_STYLE = Automatic;
				INFOPLIST_FILE = "stv_project 2.1.13/Info.plist";
				LD_RUNPATH_SEARCH_PATHS = "$(inherited) @executable_path/Frameworks";
				PRODUCT_BUNDLE_IDENTIFIER = "com.aoki.stv-project-2-1-13";
				PRODUCT_NAME = "$(TARGET_NAME)";
				TARGETED_DEVICE_FAMILY = "1,2";
			};
			name = Release;
		};
		64298FF8201B6BBA00513E79 /* Debug */ = {
			isa = XCBuildConfiguration;
			buildSettings = {
				BUNDLE_LOADER = "$(TEST_HOST)";
				CODE_SIGN_STYLE = Automatic;
				INFOPLIST_FILE = "stv_project 2.1.13Tests/Info.plist";
				LD_RUNPATH_SEARCH_PATHS = "$(inherited) @executable_path/Frameworks @loader_path/Frameworks";
				PRODUCT_BUNDLE_IDENTIFIER = "com.aoki.stv-project-2-1-13Tests";
				PRODUCT_NAME = "$(TARGET_NAME)";
				TARGETED_DEVICE_FAMILY = "1,2";
				TEST_HOST = "$(BUILT_PRODUCTS_DIR)/stv_project 2.1.13.app/stv_project 2.1.13";
			};
			name = Debug;
		};
		64298FF9201B6BBA00513E79 /* Release */ = {
			isa = XCBuildConfiguration;
			buildSettings = {
				BUNDLE_LOADER = "$(TEST_HOST)";
				CODE_SIGN_STYLE = Automatic;
				INFOPLIST_FILE = "stv_project 2.1.13Tests/Info.plist";
				LD_RUNPATH_SEARCH_PATHS = "$(inherited) @executable_path/Frameworks @loader_path/Frameworks";
				PRODUCT_BUNDLE_IDENTIFIER = "com.aoki.stv-project-2-1-13Tests";
				PRODUCT_NAME = "$(TARGET_NAME)";
				TARGETED_DEVICE_FAMILY = "1,2";
				TEST_HOST = "$(BUILT_PRODUCTS_DIR)/stv_project 2.1.13.app/stv_project 2.1.13";
			};
			name = Release;
		};
		64298FFB201B6BBA00513E79 /* Debug */ = {
			isa = XCBuildConfiguration;
			buildSettings = {
				CODE_SIGN_STYLE = Automatic;
				INFOPLIST_FILE = "stv_project 2.1.13UITests/Info.plist";
				LD_RUNPATH_SEARCH_PATHS = "$(inherited) @executable_path/Frameworks @loader_path/Frameworks";
				PRODUCT_BUNDLE_IDENTIFIER = "com.aoki.stv-project-2-1-13UITests";
				PRODUCT_NAME = "$(TARGET_NAME)";
				TARGETED_DEVICE_FAMILY = "1,2";
				TEST_TARGET_NAME = "stv_project 2.1.13";
			};
			name = Debug;
		};
		64298FFC201B6BBA00513E79 /* Release */ = {
			isa = XCBuildConfiguration;
			buildSettings = {
				CODE_SIGN_STYLE = Automatic;
				INFOPLIST_FILE = "stv_project 2.1.13UITests/Info.plist";
				LD_RUNPATH_SEARCH_PATHS = "$(inherited) @executable_path/Frameworks @loader_path/Frameworks";
				PRODUCT_BUNDLE_IDENTIFIER = "com.aoki.stv-project-2-1-13UITests";
				PRODUCT_NAME = "$(TARGET_NAME)";
				TARGETED_DEVICE_FAMILY = "1,2";
				TEST_TARGET_NAME = "stv_project 2.1.13";
			};
			name = Release;
		};
/* End XCBuildConfiguration section */

/* Begin XCConfigurationList section */
		64298FC3201B6BBA00513E79 /* Build configuration list for PBXProject "stv_project 2.1.13" */ = {
			isa = XCConfigurationList;
			buildConfigurations = (
				64298FF2201B6BBA00513E79 /* Debug */,
				64298FF3201B6BBA00513E79 /* Release */,
			);
			defaultConfigurationIsVisible = 0;
			defaultConfigurationName = Release;
		};
		64298FF4201B6BBA00513E79 /* Build configuration list for PBXNativeTarget "stv_project 2.1.13" */ = {
			isa = XCConfigurationList;
			buildConfigurations = (
				64298FF5201B6BBA00513E79 /* Debug */,
				64298FF6201B6BBA00513E79 /* Release */,
			);
			defaultConfigurationIsVisible = 0;
			defaultConfigurationName = Release;
		};
		64298FF7201B6BBA00513E79 /* Build configuration list for PBXNativeTarget "stv_project 2.1.13Tests" */ = {
			isa = XCConfigurationList;
			buildConfigurations = (
				64298FF8201B6BBA00513E79 /* Debug */,
				64298FF9201B6BBA00513E79 /* Release */,
			);
			defaultConfigurationIsVisible = 0;
			defaultConfigurationName = Release;
		};
		64298FFA201B6BBA00513E79 /* Build configuration list for PBXNativeTarget "stv_project 2.1.13UITests" */ = {
			isa = XCConfigurationList;
			buildConfigurations = (
				64298FFB201B6BBA00513E79 /* Debug */,
				64298FFC201B6BBA00513E79 /* Release */,
			);
			defaultConfigurationIsVisible = 0;
			defaultConfigurationName = Release;
		};
/* End XCConfigurationList section */
	};
	rootObject = 64298FC0201B6BBA00513E79 /* Project object */;
}
