// !$*UTF8*$!
{
	archiveVersion = 1;
	classes = {
	};
	objectVersion = 48;
	objects = {

/* Begin PBXBuildFile section */
		64A7334D2013112C00EEADCB /* AppDelegate.m in Sources */ = {isa = PBXBuildFile; fileRef = 64A7334C2013112C00EEADCB /* AppDelegate.m */; };
		64A733502013112C00EEADCB /* ViewController.m in Sources */ = {isa = PBXBuildFile; fileRef = 64A7334F2013112C00EEADCB /* ViewController.m */; };
		64A733532013112C00EEADCB /* Main.storyboard in Resources */ = {isa = PBXBuildFile; fileRef = 64A733512013112C00EEADCB /* Main.storyboard */; };
		64A733552013112C00EEADCB /* Assets.xcassets in Resources */ = {isa = PBXBuildFile; fileRef = 64A733542013112C00EEADCB /* Assets.xcassets */; };
		64A733582013112C00EEADCB /* LaunchScreen.storyboard in Resources */ = {isa = PBXBuildFile; fileRef = 64A733562013112C00EEADCB /* LaunchScreen.storyboard */; };
		64A7335B2013112C00EEADCB /* main.m in Sources */ = {isa = PBXBuildFile; fileRef = 64A7335A2013112C00EEADCB /* main.m */; };
		64A7337E2013118A00EEADCB /* Media.xcassets in Resources */ = {isa = PBXBuildFile; fileRef = 64A7337D2013118A00EEADCB /* Media.xcassets */; };
/* End PBXBuildFile section */

/* Begin PBXContainerItemProxy section */
		64A733612013112C00EEADCB /* PBXContainerItemProxy */ = {
			isa = PBXContainerItemProxy;
			containerPortal = 64A733402013112C00EEADCB /* Project object */;
			proxyType = 1;
			remoteGlobalIDString = 64A733472013112C00EEADCB;
			remoteInfo = "stv_project 2.1.3";
		};
		64A7336C2013112C00EEADCB /* PBXContainerItemProxy */ = {
			isa = PBXContainerItemProxy;
			containerPortal = 64A733402013112C00EEADCB /* Project object */;
			proxyType = 1;
			remoteGlobalIDString = 64A733472013112C00EEADCB;
			remoteInfo = "stv_project 2.1.3";
		};
/* End PBXContainerItemProxy section */

/* Begin PBXFileReference section */
		64A733482013112C00EEADCB /* stv_project 2.1.3.app */ = {isa = PBXFileReference; explicitFileType = wrapper.application; includeInIndex = 0; path = "stv_project 2.1.3.app"; sourceTree = BUILT_PRODUCTS_DIR; };
		64A7334B2013112C00EEADCB /* AppDelegate.h */ = {isa = PBXFileReference; lastKnownFileType = sourcecode.c.h; path = AppDelegate.h; sourceTree = "<group>"; };
		64A7334C2013112C00EEADCB /* AppDelegate.m */ = {isa = PBXFileReference; lastKnownFileType = sourcecode.c.objc; path = AppDelegate.m; sourceTree = "<group>"; };
		64A7334E2013112C00EEADCB /* ViewController.h */ = {isa = PBXFileReference; lastKnownFileType = sourcecode.c.h; path = ViewController.h; sourceTree = "<group>"; };
		64A7334F2013112C00EEADCB /* ViewController.m */ = {isa = PBXFileReference; lastKnownFileType = sourcecode.c.objc; path = ViewController.m; sourceTree = "<group>"; };
		64A733522013112C00EEADCB /* Base */ = {isa = PBXFileReference; lastKnownFileType = file.storyboard; name = Base; path = Base.lproj/Main.storyboard; sourceTree = "<group>"; };
		64A733542013112C00EEADCB /* Assets.xcassets */ = {isa = PBXFileReference; lastKnownFileType = folder.assetcatalog; path = Assets.xcassets; sourceTree = "<group>"; };
		64A733572013112C00EEADCB /* Base */ = {isa = PBXFileReference; lastKnownFileType = file.storyboard; name = Base; path = Base.lproj/LaunchScreen.storyboard; sourceTree = "<group>"; };
		64A733592013112C00EEADCB /* Info.plist */ = {isa = PBXFileReference; lastKnownFileType = text.plist.xml; path = Info.plist; sourceTree = "<group>"; };
		64A7335A2013112C00EEADCB /* main.m */ = {isa = PBXFileReference; lastKnownFileType = sourcecode.c.objc; path = main.m; sourceTree = "<group>"; };
		64A733602013112C00EEADCB /* stv_project 2.1.3Tests.xctest */ = {isa = PBXFileReference; explicitFileType = wrapper.cfbundle; includeInIndex = 0; path = "stv_project 2.1.3Tests.xctest"; sourceTree = BUILT_PRODUCTS_DIR; };
		64A7336B2013112C00EEADCB /* stv_project 2.1.3UITests.xctest */ = {isa = PBXFileReference; explicitFileType = wrapper.cfbundle; includeInIndex = 0; path = "stv_project 2.1.3UITests.xctest"; sourceTree = BUILT_PRODUCTS_DIR; };
		64A7337D2013118A00EEADCB /* Media.xcassets */ = {isa = PBXFileReference; lastKnownFileType = folder.assetcatalog; path = Media.xcassets; sourceTree = "<group>"; };
/* End PBXFileReference section */

/* Begin PBXFrameworksBuildPhase section */
		64A733452013112C00EEADCB /* Frameworks */ = {
			isa = PBXFrameworksBuildPhase;
			buildActionMask = 2147483647;
			files = (
			);
			runOnlyForDeploymentPostprocessing = 0;
		};
		64A7335D2013112C00EEADCB /* Frameworks */ = {
			isa = PBXFrameworksBuildPhase;
			buildActionMask = 2147483647;
			files = (
			);
			runOnlyForDeploymentPostprocessing = 0;
		};
		64A733682013112C00EEADCB /* Frameworks */ = {
			isa = PBXFrameworksBuildPhase;
			buildActionMask = 2147483647;
			files = (
			);
			runOnlyForDeploymentPostprocessing = 0;
		};
/* End PBXFrameworksBuildPhase section */

/* Begin PBXGroup section */
		64A7333F2013112C00EEADCB = {
			isa = PBXGroup;
			children = (
				64A7334A2013112C00EEADCB /* stv_project 2.1.3 */,
				64A733492013112C00EEADCB /* Products */,
			);
			sourceTree = "<group>";
		};
		64A733492013112C00EEADCB /* Products */ = {
			isa = PBXGroup;
			children = (
				64A733482013112C00EEADCB /* stv_project 2.1.3.app */,
				64A733602013112C00EEADCB /* stv_project 2.1.3Tests.xctest */,
				64A7336B2013112C00EEADCB /* stv_project 2.1.3UITests.xctest */,
			);
			name = Products;
			sourceTree = "<group>";
		};
		64A7334A2013112C00EEADCB /* stv_project 2.1.3 */ = {
			isa = PBXGroup;
			children = (
				64A7337D2013118A00EEADCB /* Media.xcassets */,
				64A7334B2013112C00EEADCB /* AppDelegate.h */,
				64A7334C2013112C00EEADCB /* AppDelegate.m */,
				64A7334E2013112C00EEADCB /* ViewController.h */,
				64A7334F2013112C00EEADCB /* ViewController.m */,
				64A733512013112C00EEADCB /* Main.storyboard */,
				64A733542013112C00EEADCB /* Assets.xcassets */,
				64A733562013112C00EEADCB /* LaunchScreen.storyboard */,
				64A733592013112C00EEADCB /* Info.plist */,
				64A7335A2013112C00EEADCB /* main.m */,
			);
			path = "stv_project 2.1.3";
			sourceTree = "<group>";
		};
/* End PBXGroup section */

/* Begin PBXNativeTarget section */
		64A733472013112C00EEADCB /* stv_project 2.1.3 */ = {
			isa = PBXNativeTarget;
			buildConfigurationList = 64A733742013112C00EEADCB /* Build configuration list for PBXNativeTarget "stv_project 2.1.3" */;
			buildPhases = (
				64A733442013112C00EEADCB /* Sources */,
				64A733452013112C00EEADCB /* Frameworks */,
				64A733462013112C00EEADCB /* Resources */,
			);
			buildRules = (
			);
			dependencies = (
			);
			name = "stv_project 2.1.3";
			productName = "stv_project 2.1.3";
			productReference = 64A733482013112C00EEADCB /* stv_project 2.1.3.app */;
			productType = "com.apple.product-type.application";
		};
		64A7335F2013112C00EEADCB /* stv_project 2.1.3Tests */ = {
			isa = PBXNativeTarget;
			buildConfigurationList = 64A733772013112C00EEADCB /* Build configuration list for PBXNativeTarget "stv_project 2.1.3Tests" */;
			buildPhases = (
				64A7335C2013112C00EEADCB /* Sources */,
				64A7335D2013112C00EEADCB /* Frameworks */,
				64A7335E2013112C00EEADCB /* Resources */,
			);
			buildRules = (
			);
			dependencies = (
				64A733622013112C00EEADCB /* PBXTargetDependency */,
			);
			name = "stv_project 2.1.3Tests";
			productName = "stv_project 2.1.3Tests";
			productReference = 64A733602013112C00EEADCB /* stv_project 2.1.3Tests.xctest */;
			productType = "com.apple.product-type.bundle.unit-test";
		};
		64A7336A2013112C00EEADCB /* stv_project 2.1.3UITests */ = {
			isa = PBXNativeTarget;
			buildConfigurationList = 64A7337A2013112C00EEADCB /* Build configuration list for PBXNativeTarget "stv_project 2.1.3UITests" */;
			buildPhases = (
				64A733672013112C00EEADCB /* Sources */,
				64A733682013112C00EEADCB /* Frameworks */,
				64A733692013112C00EEADCB /* Resources */,
			);
			buildRules = (
			);
			dependencies = (
				64A7336D2013112C00EEADCB /* PBXTargetDependency */,
			);
			name = "stv_project 2.1.3UITests";
			productName = "stv_project 2.1.3UITests";
			productReference = 64A7336B2013112C00EEADCB /* stv_project 2.1.3UITests.xctest */;
			productType = "com.apple.product-type.bundle.ui-testing";
		};
/* End PBXNativeTarget section */

/* Begin PBXProject section */
		64A733402013112C00EEADCB /* Project object */ = {
			isa = PBXProject;
			attributes = {
				LastUpgradeCheck = 1130;
				ORGANIZATIONNAME = kazua;
				TargetAttributes = {
					64A733472013112C00EEADCB = {
						CreatedOnToolsVersion = 9.2;
						ProvisioningStyle = Automatic;
					};
					64A7335F2013112C00EEADCB = {
						CreatedOnToolsVersion = 9.2;
						ProvisioningStyle = Automatic;
						TestTargetID = 64A733472013112C00EEADCB;
					};
					64A7336A2013112C00EEADCB = {
						CreatedOnToolsVersion = 9.2;
						ProvisioningStyle = Automatic;
						TestTargetID = 64A733472013112C00EEADCB;
					};
				};
			};
			buildConfigurationList = 64A733432013112C00EEADCB /* Build configuration list for PBXProject "stv_project 2.1.3" */;
			compatibilityVersion = "Xcode 8.0";
			developmentRegion = en;
			hasScannedForEncodings = 0;
			knownRegions = (
				en,
				Base,
			);
			mainGroup = 64A7333F2013112C00EEADCB;
			productRefGroup = 64A733492013112C00EEADCB /* Products */;
			projectDirPath = "";
			projectRoot = "";
			targets = (
				64A733472013112C00EEADCB /* stv_project 2.1.3 */,
				64A7335F2013112C00EEADCB /* stv_project 2.1.3Tests */,
				64A7336A2013112C00EEADCB /* stv_project 2.1.3UITests */,
			);
		};
/* End PBXProject section */

/* Begin PBXResourcesBuildPhase section */
		64A733462013112C00EEADCB /* Resources */ = {
			isa = PBXResourcesBuildPhase;
			buildActionMask = 2147483647;
			files = (
				64A733582013112C00EEADCB /* LaunchScreen.storyboard in Resources */,
				64A733552013112C00EEADCB /* Assets.xcassets in Resources */,
				64A7337E2013118A00EEADCB /* Media.xcassets in Resources */,
				64A733532013112C00EEADCB /* Main.storyboard in Resources */,
			);
			runOnlyForDeploymentPostprocessing = 0;
		};
		64A7335E2013112C00EEADCB /* Resources */ = {
			isa = PBXResourcesBuildPhase;
			buildActionMask = 2147483647;
			files = (
			);
			runOnlyForDeploymentPostprocessing = 0;
		};
		64A733692013112C00EEADCB /* Resources */ = {
			isa = PBXResourcesBuildPhase;
			buildActionMask = 2147483647;
			files = (
			);
			runOnlyForDeploymentPostprocessing = 0;
		};
/* End PBXResourcesBuildPhase section */

/* Begin PBXSourcesBuildPhase section */
		64A733442013112C00EEADCB /* Sources */ = {
			isa = PBXSourcesBuildPhase;
			buildActionMask = 2147483647;
			files = (
				64A733502013112C00EEADCB /* ViewController.m in Sources */,
				64A7335B2013112C00EEADCB /* main.m in Sources */,
				64A7334D2013112C00EEADCB /* AppDelegate.m in Sources */,
			);
			runOnlyForDeploymentPostprocessing = 0;
		};
		64A7335C2013112C00EEADCB /* Sources */ = {
			isa = PBXSourcesBuildPhase;
			buildActionMask = 2147483647;
			files = (
			);
			runOnlyForDeploymentPostprocessing = 0;
		};
		64A733672013112C00EEADCB /* Sources */ = {
			isa = PBXSourcesBuildPhase;
			buildActionMask = 2147483647;
			files = (
			);
			runOnlyForDeploymentPostprocessing = 0;
		};
/* End PBXSourcesBuildPhase section */

/* Begin PBXTargetDependency section */
		64A733622013112C00EEADCB /* PBXTargetDependency */ = {
			isa = PBXTargetDependency;
			target = 64A733472013112C00EEADCB /* stv_project 2.1.3 */;
			targetProxy = 64A733612013112C00EEADCB /* PBXContainerItemProxy */;
		};
		64A7336D2013112C00EEADCB /* PBXTargetDependency */ = {
			isa = PBXTargetDependency;
			target = 64A733472013112C00EEADCB /* stv_project 2.1.3 */;
			targetProxy = 64A7336C2013112C00EEADCB /* PBXContainerItemProxy */;
		};
/* End PBXTargetDependency section */

/* Begin PBXVariantGroup section */
		64A733512013112C00EEADCB /* Main.storyboard */ = {
			isa = PBXVariantGroup;
			children = (
				64A733522013112C00EEADCB /* Base */,
			);
			name = Main.storyboard;
			sourceTree = "<group>";
		};
		64A733562013112C00EEADCB /* LaunchScreen.storyboard */ = {
			isa = PBXVariantGroup;
			children = (
				64A733572013112C00EEADCB /* Base */,
			);
			name = LaunchScreen.storyboard;
			sourceTree = "<group>";
		};
/* End PBXVariantGroup section */

/* Begin XCBuildConfiguration section */
		64A733722013112C00EEADCB /* Debug */ = {
			isa = XCBuildConfiguration;
			buildSettings = {
				ALWAYS_SEARCH_USER_PATHS = NO;
				CLANG_ANALYZER_NONNULL = YES;
				CLANG_ANALYZER_NUMBER_OBJECT_CONVERSION = YES_AGGRESSIVE;
				CLANG_CXX_LANGUAGE_STANDARD = "gnu++14";
				CLANG_CXX_LIBRARY = "libc++";
				CLANG_ENABLE_MODULES = YES;
				CLANG_ENABLE_OBJC_ARC = YES;
				CLANG_WARN_BLOCK_CAPTURE_AUTORELEASING = YES;
				CLANG_WARN_BOOL_CONVERSION = YES;
				CLANG_WARN_COMMA = YES;
				CLANG_WARN_CONSTANT_CONVERSION = YES;
				CLANG_WARN_DEPRECATED_OBJC_IMPLEMENTATIONS = YES;
				CLANG_WARN_DIRECT_OBJC_ISA_USAGE = YES_ERROR;
				CLANG_WARN_DOCUMENTATION_COMMENTS = YES;
				CLANG_WARN_EMPTY_BODY = YES;
				CLANG_WARN_ENUM_CONVERSION = YES;
				CLANG_WARN_INFINITE_RECURSION = YES;
				CLANG_WARN_INT_CONVERSION = YES;
				CLANG_WARN_NON_LITERAL_NULL_CONVERSION = YES;
				CLANG_WARN_OBJC_IMPLICIT_RETAIN_SELF = YES;
				CLANG_WARN_OBJC_LITERAL_CONVERSION = YES;
				CLANG_WARN_OBJC_ROOT_CLASS = YES_ERROR;
				CLANG_WARN_RANGE_LOOP_ANALYSIS = YES;
				CLANG_WARN_STRICT_PROTOTYPES = YES;
				CLANG_WARN_SUSPICIOUS_MOVE = YES;
				CLANG_WARN_UNGUARDED_AVAILABILITY = YES_AGGRESSIVE;
				CLANG_WARN_UNREACHABLE_CODE = YES;
				CLANG_WARN__DUPLICATE_METHOD_MATCH = YES;
				CODE_SIGN_IDENTITY = "iPhone Developer";
				COPY_PHASE_STRIP = NO;
				DEBUG_INFORMATION_FORMAT = dwarf;
				ENABLE_STRICT_OBJC_MSGSEND = YES;
				ENABLE_TESTABILITY = YES;
				GCC_C_LANGUAGE_STANDARD = gnu11;
				GCC_DYNAMIC_NO_PIC = NO;
				GCC_NO_COMMON_BLOCKS = YES;
				GCC_OPTIMIZATION_LEVEL = 0;
				GCC_PREPROCESSOR_DEFINITIONS = (
					"DEBUG=1",
					"$(inherited)",
				);
				GCC_WARN_64_TO_32_BIT_CONVERSION = YES;
				GCC_WARN_ABOUT_RETURN_TYPE = YES_ERROR;
				GCC_WARN_UNDECLARED_SELECTOR = YES;
				GCC_WARN_UNINITIALIZED_AUTOS = YES_AGGRESSIVE;
				GCC_WARN_UNUSED_FUNCTION = YES;
				GCC_WARN_UNUSED_VARIABLE = YES;
				IPHONEOS_DEPLOYMENT_TARGET = 11.2;
				MTL_ENABLE_DEBUG_INFO = YES;
				ONLY_ACTIVE_ARCH = YES;
				SDKROOT = iphoneos;
			};
			name = Debug;
		};
		64A733732013112C00EEADCB /* Release */ = {
			isa = XCBuildConfiguration;
			buildSettings = {
				ALWAYS_SEARCH_USER_PATHS = NO;
				CLANG_ANALYZER_NONNULL = YES;
				CLANG_ANALYZER_NUMBER_OBJECT_CONVERSION = YES_AGGRESSIVE;
				CLANG_CXX_LANGUAGE_STANDARD = "gnu++14";
				CLANG_CXX_LIBRARY = "libc++";
				CLANG_ENABLE_MODULES = YES;
				CLANG_ENABLE_OBJC_ARC = YES;
				CLANG_WARN_BLOCK_CAPTURE_AUTORELEASING = YES;
				CLANG_WARN_BOOL_CONVERSION = YES;
				CLANG_WARN_COMMA = YES;
				CLANG_WARN_CONSTANT_CONVERSION = YES;
				CLANG_WARN_DEPRECATED_OBJC_IMPLEMENTATIONS = YES;
				CLANG_WARN_DIRECT_OBJC_ISA_USAGE = YES_ERROR;
				CLANG_WARN_DOCUMENTATION_COMMENTS = YES;
				CLANG_WARN_EMPTY_BODY = YES;
				CLANG_WARN_ENUM_CONVERSION = YES;
				CLANG_WARN_INFINITE_RECURSION = YES;
				CLANG_WARN_INT_CONVERSION = YES;
				CLANG_WARN_NON_LITERAL_NULL_CONVERSION = YES;
				CLANG_WARN_OBJC_IMPLICIT_RETAIN_SELF = YES;
				CLANG_WARN_OBJC_LITERAL_CONVERSION = YES;
				CLANG_WARN_OBJC_ROOT_CLASS = YES_ERROR;
				CLANG_WARN_RANGE_LOOP_ANALYSIS = YES;
				CLANG_WARN_STRICT_PROTOTYPES = YES;
				CLANG_WARN_SUSPICIOUS_MOVE = YES;
				CLANG_WARN_UNGUARDED_AVAILABILITY = YES_AGGRESSIVE;
				CLANG_WARN_UNREACHABLE_CODE = YES;
				CLANG_WARN__DUPLICATE_METHOD_MATCH = YES;
				CODE_SIGN_IDENTITY = "iPhone Developer";
				COPY_PHASE_STRIP = NO;
				DEBUG_INFORMATION_FORMAT = "dwarf-with-dsym";
				ENABLE_NS_ASSERTIONS = NO;
				ENABLE_STRICT_OBJC_MSGSEND = YES;
				GCC_C_LANGUAGE_STANDARD = gnu11;
				GCC_NO_COMMON_BLOCKS = YES;
				GCC_WARN_64_TO_32_BIT_CONVERSION = YES;
				GCC_WARN_ABOUT_RETURN_TYPE = YES_ERROR;
				GCC_WARN_UNDECLARED_SELECTOR = YES;
				GCC_WARN_UNINITIALIZED_AUTOS = YES_AGGRESSIVE;
				GCC_WARN_UNUSED_FUNCTION = YES;
				GCC_WARN_UNUSED_VARIABLE = YES;
				IPHONEOS_DEPLOYMENT_TARGET = 11.2;
				MTL_ENABLE_DEBUG_INFO = NO;
				SDKROOT = iphoneos;
				VALIDATE_PRODUCT = YES;
			};
			name = Release;
		};
		64A733752013112C00EEADCB /* Debug */ = {
			isa = XCBuildConfiguration;
			buildSettings = {
				ASSETCATALOG_COMPILER_APPICON_NAME = AppIcon;
				CODE_SIGN_STYLE = Automatic;
				INFOPLIST_FILE = "stv_project 2.1.3/Info.plist";
				LD_RUNPATH_SEARCH_PATHS = "$(inherited) @executable_path/Frameworks";
				PRODUCT_BUNDLE_IDENTIFIER = "com.aoki.stv-project-2-1-3";
				PRODUCT_NAME = "$(TARGET_NAME)";
				TARGETED_DEVICE_FAMILY = "1,2";
			};
			name = Debug;
		};
		64A733762013112C00EEADCB /* Release */ = {
			isa = XCBuildConfiguration;
			buildSettings = {
				ASSETCATALOG_COMPILER_APPICON_NAME = AppIcon;
				CODE_SIGN_STYLE = Automatic;
				INFOPLIST_FILE = "stv_project 2.1.3/Info.plist";
				LD_RUNPATH_SEARCH_PATHS = "$(inherited) @executable_path/Frameworks";
				PRODUCT_BUNDLE_IDENTIFIER = "com.aoki.stv-project-2-1-3";
				PRODUCT_NAME = "$(TARGET_NAME)";
				TARGETED_DEVICE_FAMILY = "1,2";
			};
			name = Release;
		};
		64A733782013112C00EEADCB /* Debug */ = {
			isa = XCBuildConfiguration;
			buildSettings = {
				BUNDLE_LOADER = "$(TEST_HOST)";
				CODE_SIGN_STYLE = Automatic;
				INFOPLIST_FILE = "stv_project 2.1.3Tests/Info.plist";
				LD_RUNPATH_SEARCH_PATHS = "$(inherited) @executable_path/Frameworks @loader_path/Frameworks";
				PRODUCT_BUNDLE_IDENTIFIER = "com.aoki.stv-project-2-1-3Tests";
				PRODUCT_NAME = "$(TARGET_NAME)";
				TARGETED_DEVICE_FAMILY = "1,2";
				TEST_HOST = "$(BUILT_PRODUCTS_DIR)/stv_project 2.1.3.app/stv_project 2.1.3";
			};
			name = Debug;
		};
		64A733792013112C00EEADCB /* Release */ = {
			isa = XCBuildConfiguration;
			buildSettings = {
				BUNDLE_LOADER = "$(TEST_HOST)";
				CODE_SIGN_STYLE = Automatic;
				INFOPLIST_FILE = "stv_project 2.1.3Tests/Info.plist";
				LD_RUNPATH_SEARCH_PATHS = "$(inherited) @executable_path/Frameworks @loader_path/Frameworks";
				PRODUCT_BUNDLE_IDENTIFIER = "com.aoki.stv-project-2-1-3Tests";
				PRODUCT_NAME = "$(TARGET_NAME)";
				TARGETED_DEVICE_FAMILY = "1,2";
				TEST_HOST = "$(BUILT_PRODUCTS_DIR)/stv_project 2.1.3.app/stv_project 2.1.3";
			};
			name = Release;
		};
		64A7337B2013112C00EEADCB /* Debug */ = {
			isa = XCBuildConfiguration;
			buildSettings = {
				CODE_SIGN_STYLE = Automatic;
				INFOPLIST_FILE = "stv_project 2.1.3UITests/Info.plist";
				LD_RUNPATH_SEARCH_PATHS = "$(inherited) @executable_path/Frameworks @loader_path/Frameworks";
				PRODUCT_BUNDLE_IDENTIFIER = "com.aoki.stv-project-2-1-3UITests";
				PRODUCT_NAME = "$(TARGET_NAME)";
				TARGETED_DEVICE_FAMILY = "1,2";
				TEST_TARGET_NAME = "stv_project 2.1.3";
			};
			name = Debug;
		};
		64A7337C2013112C00EEADCB /* Release */ = {
			isa = XCBuildConfiguration;
			buildSettings = {
				CODE_SIGN_STYLE = Automatic;
				INFOPLIST_FILE = "stv_project 2.1.3UITests/Info.plist";
				LD_RUNPATH_SEARCH_PATHS = "$(inherited) @executable_path/Frameworks @loader_path/Frameworks";
				PRODUCT_BUNDLE_IDENTIFIER = "com.aoki.stv-project-2-1-3UITests";
				PRODUCT_NAME = "$(TARGET_NAME)";
				TARGETED_DEVICE_FAMILY = "1,2";
				TEST_TARGET_NAME = "stv_project 2.1.3";
			};
			name = Release;
		};
/* End XCBuildConfiguration section */

/* Begin XCConfigurationList section */
		64A733432013112C00EEADCB /* Build configuration list for PBXProject "stv_project 2.1.3" */ = {
			isa = XCConfigurationList;
			buildConfigurations = (
				64A733722013112C00EEADCB /* Debug */,
				64A733732013112C00EEADCB /* Release */,
			);
			defaultConfigurationIsVisible = 0;
			defaultConfigurationName = Release;
		};
		64A733742013112C00EEADCB /* Build configuration list for PBXNativeTarget "stv_project 2.1.3" */ = {
			isa = XCConfigurationList;
			buildConfigurations = (
				64A733752013112C00EEADCB /* Debug */,
				64A733762013112C00EEADCB /* Release */,
			);
			defaultConfigurationIsVisible = 0;
			defaultConfigurationName = Release;
		};
		64A733772013112C00EEADCB /* Build configuration list for PBXNativeTarget "stv_project 2.1.3Tests" */ = {
			isa = XCConfigurationList;
			buildConfigurations = (
				64A733782013112C00EEADCB /* Debug */,
				64A733792013112C00EEADCB /* Release */,
			);
			defaultConfigurationIsVisible = 0;
			defaultConfigurationName = Release;
		};
		64A7337A2013112C00EEADCB /* Build configuration list for PBXNativeTarget "stv_project 2.1.3UITests" */ = {
			isa = XCConfigurationList;
			buildConfigurations = (
				64A7337B2013112C00EEADCB /* Debug */,
				64A7337C2013112C00EEADCB /* Release */,
			);
			defaultConfigurationIsVisible = 0;
			defaultConfigurationName = Release;
		};
/* End XCConfigurationList section */
	};
	rootObject = 64A733402013112C00EEADCB /* Project object */;
}
