// !$*UTF8*$!
{
	archiveVersion = 1;
	classes = {
	};
	objectVersion = 48;
	objects = {

/* Begin PBXBuildFile section */
		6477034D20340B420024409A /* AppDelegate.m in Sources */ = {isa = PBXBuildFile; fileRef = 6477034C20340B420024409A /* AppDelegate.m */; };
		6477035020340B420024409A /* ViewController.m in Sources */ = {isa = PBXBuildFile; fileRef = 6477034F20340B420024409A /* ViewController.m */; };
		6477035320340B420024409A /* Main.storyboard in Resources */ = {isa = PBXBuildFile; fileRef = 6477035120340B420024409A /* Main.storyboard */; };
		6477035520340B420024409A /* Assets.xcassets in Resources */ = {isa = PBXBuildFile; fileRef = 6477035420340B420024409A /* Assets.xcassets */; };
		6477035820340B420024409A /* LaunchScreen.storyboard in Resources */ = {isa = PBXBuildFile; fileRef = 6477035620340B420024409A /* LaunchScreen.storyboard */; };
		6477035B20340B420024409A /* main.m in Sources */ = {isa = PBXBuildFile; fileRef = 6477035A20340B420024409A /* main.m */; };
		6477036520340B420024409A /* stv_project_2_5_7Tests.m in Sources */ = {isa = PBXBuildFile; fileRef = 6477036420340B420024409A /* stv_project_2_5_7Tests.m */; };
		6477037020340B420024409A /* stv_project_2_5_7UITests.m in Sources */ = {isa = PBXBuildFile; fileRef = 6477036F20340B420024409A /* stv_project_2_5_7UITests.m */; };
		6477037F20340B540024409A /* MapKit.framework in Frameworks */ = {isa = PBXBuildFile; fileRef = 6477037E20340B540024409A /* MapKit.framework */; };
/* End PBXBuildFile section */

/* Begin PBXContainerItemProxy section */
		6477036120340B420024409A /* PBXContainerItemProxy */ = {
			isa = PBXContainerItemProxy;
			containerPortal = 6477034020340B420024409A /* Project object */;
			proxyType = 1;
			remoteGlobalIDString = 6477034720340B420024409A;
			remoteInfo = "stv_project 2.5.7";
		};
		6477036C20340B420024409A /* PBXContainerItemProxy */ = {
			isa = PBXContainerItemProxy;
			containerPortal = 6477034020340B420024409A /* Project object */;
			proxyType = 1;
			remoteGlobalIDString = 6477034720340B420024409A;
			remoteInfo = "stv_project 2.5.7";
		};
/* End PBXContainerItemProxy section */

/* Begin PBXFileReference section */
		6477034820340B420024409A /* stv_project 2.5.7.app */ = {isa = PBXFileReference; explicitFileType = wrapper.application; includeInIndex = 0; path = "stv_project 2.5.7.app"; sourceTree = BUILT_PRODUCTS_DIR; };
		6477034B20340B420024409A /* AppDelegate.h */ = {isa = PBXFileReference; lastKnownFileType = sourcecode.c.h; path = AppDelegate.h; sourceTree = "<group>"; };
		6477034C20340B420024409A /* AppDelegate.m */ = {isa = PBXFileReference; lastKnownFileType = sourcecode.c.objc; path = AppDelegate.m; sourceTree = "<group>"; };
		6477034E20340B420024409A /* ViewController.h */ = {isa = PBXFileReference; lastKnownFileType = sourcecode.c.h; path = ViewController.h; sourceTree = "<group>"; };
		6477034F20340B420024409A /* ViewController.m */ = {isa = PBXFileReference; lastKnownFileType = sourcecode.c.objc; path = ViewController.m; sourceTree = "<group>"; };
		6477035220340B420024409A /* Base */ = {isa = PBXFileReference; lastKnownFileType = file.storyboard; name = Base; path = Base.lproj/Main.storyboard; sourceTree = "<group>"; };
		6477035420340B420024409A /* Assets.xcassets */ = {isa = PBXFileReference; lastKnownFileType = folder.assetcatalog; path = Assets.xcassets; sourceTree = "<group>"; };
		6477035720340B420024409A /* Base */ = {isa = PBXFileReference; lastKnownFileType = file.storyboard; name = Base; path = Base.lproj/LaunchScreen.storyboard; sourceTree = "<group>"; };
		6477035920340B420024409A /* Info.plist */ = {isa = PBXFileReference; lastKnownFileType = text.plist.xml; path = Info.plist; sourceTree = "<group>"; };
		6477035A20340B420024409A /* main.m */ = {isa = PBXFileReference; lastKnownFileType = sourcecode.c.objc; path = main.m; sourceTree = "<group>"; };
		6477036020340B420024409A /* stv_project 2.5.7Tests.xctest */ = {isa = PBXFileReference; explicitFileType = wrapper.cfbundle; includeInIndex = 0; path = "stv_project 2.5.7Tests.xctest"; sourceTree = BUILT_PRODUCTS_DIR; };
		6477036420340B420024409A /* stv_project_2_5_7Tests.m */ = {isa = PBXFileReference; lastKnownFileType = sourcecode.c.objc; path = stv_project_2_5_7Tests.m; sourceTree = "<group>"; };
		6477036620340B420024409A /* Info.plist */ = {isa = PBXFileReference; lastKnownFileType = text.plist.xml; path = Info.plist; sourceTree = "<group>"; };
		6477036B20340B420024409A /* stv_project 2.5.7UITests.xctest */ = {isa = PBXFileReference; explicitFileType = wrapper.cfbundle; includeInIndex = 0; path = "stv_project 2.5.7UITests.xctest"; sourceTree = BUILT_PRODUCTS_DIR; };
		6477036F20340B420024409A /* stv_project_2_5_7UITests.m */ = {isa = PBXFileReference; lastKnownFileType = sourcecode.c.objc; path = stv_project_2_5_7UITests.m; sourceTree = "<group>"; };
		6477037120340B420024409A /* Info.plist */ = {isa = PBXFileReference; lastKnownFileType = text.plist.xml; path = Info.plist; sourceTree = "<group>"; };
		6477037E20340B540024409A /* MapKit.framework */ = {isa = PBXFileReference; lastKnownFileType = wrapper.framework; name = MapKit.framework; path = System/Library/Frameworks/MapKit.framework; sourceTree = SDKROOT; };
/* End PBXFileReference section */

/* Begin PBXFrameworksBuildPhase section */
		6477034520340B420024409A /* Frameworks */ = {
			isa = PBXFrameworksBuildPhase;
			buildActionMask = 2147483647;
			files = (
				6477037F20340B540024409A /* MapKit.framework in Frameworks */,
			);
			runOnlyForDeploymentPostprocessing = 0;
		};
		6477035D20340B420024409A /* Frameworks */ = {
			isa = PBXFrameworksBuildPhase;
			buildActionMask = 2147483647;
			files = (
			);
			runOnlyForDeploymentPostprocessing = 0;
		};
		6477036820340B420024409A /* Frameworks */ = {
			isa = PBXFrameworksBuildPhase;
			buildActionMask = 2147483647;
			files = (
			);
			runOnlyForDeploymentPostprocessing = 0;
		};
/* End PBXFrameworksBuildPhase section */

/* Begin PBXGroup section */
		6477033F20340B420024409A = {
			isa = PBXGroup;
			children = (
				6477034A20340B420024409A /* stv_project 2.5.7 */,
				6477036320340B420024409A /* stv_project 2.5.7Tests */,
				6477036E20340B420024409A /* stv_project 2.5.7UITests */,
				6477034920340B420024409A /* Products */,
				6477037D20340B530024409A /* Frameworks */,
			);
			sourceTree = "<group>";
		};
		6477034920340B420024409A /* Products */ = {
			isa = PBXGroup;
			children = (
				6477034820340B420024409A /* stv_project 2.5.7.app */,
				6477036020340B420024409A /* stv_project 2.5.7Tests.xctest */,
				6477036B20340B420024409A /* stv_project 2.5.7UITests.xctest */,
			);
			name = Products;
			sourceTree = "<group>";
		};
		6477034A20340B420024409A /* stv_project 2.5.7 */ = {
			isa = PBXGroup;
			children = (
				6477034B20340B420024409A /* AppDelegate.h */,
				6477034C20340B420024409A /* AppDelegate.m */,
				6477034E20340B420024409A /* ViewController.h */,
				6477034F20340B420024409A /* ViewController.m */,
				6477035120340B420024409A /* Main.storyboard */,
				6477035420340B420024409A /* Assets.xcassets */,
				6477035620340B420024409A /* LaunchScreen.storyboard */,
				6477035920340B420024409A /* Info.plist */,
				6477035A20340B420024409A /* main.m */,
			);
			path = "stv_project 2.5.7";
			sourceTree = "<group>";
		};
		6477036320340B420024409A /* stv_project 2.5.7Tests */ = {
			isa = PBXGroup;
			children = (
				6477036420340B420024409A /* stv_project_2_5_7Tests.m */,
				6477036620340B420024409A /* Info.plist */,
			);
			path = "stv_project 2.5.7Tests";
			sourceTree = "<group>";
		};
		6477036E20340B420024409A /* stv_project 2.5.7UITests */ = {
			isa = PBXGroup;
			children = (
				6477036F20340B420024409A /* stv_project_2_5_7UITests.m */,
				6477037120340B420024409A /* Info.plist */,
			);
			path = "stv_project 2.5.7UITests";
			sourceTree = "<group>";
		};
		6477037D20340B530024409A /* Frameworks */ = {
			isa = PBXGroup;
			children = (
				6477037E20340B540024409A /* MapKit.framework */,
			);
			name = Frameworks;
			sourceTree = "<group>";
		};
/* End PBXGroup section */

/* Begin PBXNativeTarget section */
		6477034720340B420024409A /* stv_project 2.5.7 */ = {
			isa = PBXNativeTarget;
			buildConfigurationList = 6477037420340B420024409A /* Build configuration list for PBXNativeTarget "stv_project 2.5.7" */;
			buildPhases = (
				6477034420340B420024409A /* Sources */,
				6477034520340B420024409A /* Frameworks */,
				6477034620340B420024409A /* Resources */,
			);
			buildRules = (
			);
			dependencies = (
			);
			name = "stv_project 2.5.7";
			productName = "stv_project 2.5.7";
			productReference = 6477034820340B420024409A /* stv_project 2.5.7.app */;
			productType = "com.apple.product-type.application";
		};
		6477035F20340B420024409A /* stv_project 2.5.7Tests */ = {
			isa = PBXNativeTarget;
			buildConfigurationList = 6477037720340B420024409A /* Build configuration list for PBXNativeTarget "stv_project 2.5.7Tests" */;
			buildPhases = (
				6477035C20340B420024409A /* Sources */,
				6477035D20340B420024409A /* Frameworks */,
				6477035E20340B420024409A /* Resources */,
			);
			buildRules = (
			);
			dependencies = (
				6477036220340B420024409A /* PBXTargetDependency */,
			);
			name = "stv_project 2.5.7Tests";
			productName = "stv_project 2.5.7Tests";
			productReference = 6477036020340B420024409A /* stv_project 2.5.7Tests.xctest */;
			productType = "com.apple.product-type.bundle.unit-test";
		};
		6477036A20340B420024409A /* stv_project 2.5.7UITests */ = {
			isa = PBXNativeTarget;
			buildConfigurationList = 6477037A20340B420024409A /* Build configuration list for PBXNativeTarget "stv_project 2.5.7UITests" */;
			buildPhases = (
				6477036720340B420024409A /* Sources */,
				6477036820340B420024409A /* Frameworks */,
				6477036920340B420024409A /* Resources */,
			);
			buildRules = (
			);
			dependencies = (
				6477036D20340B420024409A /* PBXTargetDependency */,
			);
			name = "stv_project 2.5.7UITests";
			productName = "stv_project 2.5.7UITests";
			productReference = 6477036B20340B420024409A /* stv_project 2.5.7UITests.xctest */;
			productType = "com.apple.product-type.bundle.ui-testing";
		};
/* End PBXNativeTarget section */

/* Begin PBXProject section */
		6477034020340B420024409A /* Project object */ = {
			isa = PBXProject;
			attributes = {
				LastUpgradeCheck = 0920;
				ORGANIZATIONNAME = kazua;
				TargetAttributes = {
					6477034720340B420024409A = {
						CreatedOnToolsVersion = 9.2;
						ProvisioningStyle = Automatic;
					};
					6477035F20340B420024409A = {
						CreatedOnToolsVersion = 9.2;
						ProvisioningStyle = Automatic;
						TestTargetID = 6477034720340B420024409A;
					};
					6477036A20340B420024409A = {
						CreatedOnToolsVersion = 9.2;
						ProvisioningStyle = Automatic;
						TestTargetID = 6477034720340B420024409A;
					};
				};
			};
			buildConfigurationList = 6477034320340B420024409A /* Build configuration list for PBXProject "stv_project 2.5.7" */;
			compatibilityVersion = "Xcode 8.0";
			developmentRegion = en;
			hasScannedForEncodings = 0;
			knownRegions = (
				en,
				Base,
			);
			mainGroup = 6477033F20340B420024409A;
			productRefGroup = 6477034920340B420024409A /* Products */;
			projectDirPath = "";
			projectRoot = "";
			targets = (
				6477034720340B420024409A /* stv_project 2.5.7 */,
				6477035F20340B420024409A /* stv_project 2.5.7Tests */,
				6477036A20340B420024409A /* stv_project 2.5.7UITests */,
			);
		};
/* End PBXProject section */

/* Begin PBXResourcesBuildPhase section */
		6477034620340B420024409A /* Resources */ = {
			isa = PBXResourcesBuildPhase;
			buildActionMask = 2147483647;
			files = (
				6477035820340B420024409A /* LaunchScreen.storyboard in Resources */,
				6477035520340B420024409A /* Assets.xcassets in Resources */,
				6477035320340B420024409A /* Main.storyboard in Resources */,
			);
			runOnlyForDeploymentPostprocessing = 0;
		};
		6477035E20340B420024409A /* Resources */ = {
			isa = PBXResourcesBuildPhase;
			buildActionMask = 2147483647;
			files = (
			);
			runOnlyForDeploymentPostprocessing = 0;
		};
		6477036920340B420024409A /* Resources */ = {
			isa = PBXResourcesBuildPhase;
			buildActionMask = 2147483647;
			files = (
			);
			runOnlyForDeploymentPostprocessing = 0;
		};
/* End PBXResourcesBuildPhase section */

/* Begin PBXSourcesBuildPhase section */
		6477034420340B420024409A /* Sources */ = {
			isa = PBXSourcesBuildPhase;
			buildActionMask = 2147483647;
			files = (
				6477035020340B420024409A /* ViewController.m in Sources */,
				6477035B20340B420024409A /* main.m in Sources */,
				6477034D20340B420024409A /* AppDelegate.m in Sources */,
			);
			runOnlyForDeploymentPostprocessing = 0;
		};
		6477035C20340B420024409A /* Sources */ = {
			isa = PBXSourcesBuildPhase;
			buildActionMask = 2147483647;
			files = (
				6477036520340B420024409A /* stv_project_2_5_7Tests.m in Sources */,
			);
			runOnlyForDeploymentPostprocessing = 0;
		};
		6477036720340B420024409A /* Sources */ = {
			isa = PBXSourcesBuildPhase;
			buildActionMask = 2147483647;
			files = (
				6477037020340B420024409A /* stv_project_2_5_7UITests.m in Sources */,
			);
			runOnlyForDeploymentPostprocessing = 0;
		};
/* End PBXSourcesBuildPhase section */

/* Begin PBXTargetDependency section */
		6477036220340B420024409A /* PBXTargetDependency */ = {
			isa = PBXTargetDependency;
			target = 6477034720340B420024409A /* stv_project 2.5.7 */;
			targetProxy = 6477036120340B420024409A /* PBXContainerItemProxy */;
		};
		6477036D20340B420024409A /* PBXTargetDependency */ = {
			isa = PBXTargetDependency;
			target = 6477034720340B420024409A /* stv_project 2.5.7 */;
			targetProxy = 6477036C20340B420024409A /* PBXContainerItemProxy */;
		};
/* End PBXTargetDependency section */

/* Begin PBXVariantGroup section */
		6477035120340B420024409A /* Main.storyboard */ = {
			isa = PBXVariantGroup;
			children = (
				6477035220340B420024409A /* Base */,
			);
			name = Main.storyboard;
			sourceTree = "<group>";
		};
		6477035620340B420024409A /* LaunchScreen.storyboard */ = {
			isa = PBXVariantGroup;
			children = (
				6477035720340B420024409A /* Base */,
			);
			name = LaunchScreen.storyboard;
			sourceTree = "<group>";
		};
/* End PBXVariantGroup section */

/* Begin XCBuildConfiguration section */
		6477037220340B420024409A /* Debug */ = {
			isa = XCBuildConfiguration;
			buildSettings = {
				ALWAYS_SEARCH_USER_PATHS = NO;
				CLANG_ANALYZER_NONNULL = YES;
				CLANG_ANALYZER_NUMBER_OBJECT_CONVERSION = YES_AGGRESSIVE;
				CLANG_CXX_LANGUAGE_STANDARD = "gnu++14";
				CLANG_CXX_LIBRARY = "libc++";
				CLANG_ENABLE_MODULES = YES;
				CLANG_ENABLE_OBJC_ARC = YES;
				CLANG_WARN_BLOCK_CAPTURE_AUTORELEASING = YES;
				CLANG_WARN_BOOL_CONVERSION = YES;
				CLANG_WARN_COMMA = YES;
				CLANG_WARN_CONSTANT_CONVERSION = YES;
				CLANG_WARN_DIRECT_OBJC_ISA_USAGE = YES_ERROR;
				CLANG_WARN_DOCUMENTATION_COMMENTS = YES;
				CLANG_WARN_EMPTY_BODY = YES;
				CLANG_WARN_ENUM_CONVERSION = YES;
				CLANG_WARN_INFINITE_RECURSION = YES;
				CLANG_WARN_INT_CONVERSION = YES;
				CLANG_WARN_NON_LITERAL_NULL_CONVERSION = YES;
				CLANG_WARN_OBJC_LITERAL_CONVERSION = YES;
				CLANG_WARN_OBJC_ROOT_CLASS = YES_ERROR;
				CLANG_WARN_RANGE_LOOP_ANALYSIS = YES;
				CLANG_WARN_STRICT_PROTOTYPES = YES;
				CLANG_WARN_SUSPICIOUS_MOVE = YES;
				CLANG_WARN_UNGUARDED_AVAILABILITY = YES_AGGRESSIVE;
				CLANG_WARN_UNREACHABLE_CODE = YES;
				CLANG_WARN__DUPLICATE_METHOD_MATCH = YES;
				CODE_SIGN_IDENTITY = "iPhone Developer";
				COPY_PHASE_STRIP = NO;
				DEBUG_INFORMATION_FORMAT = dwarf;
				ENABLE_STRICT_OBJC_MSGSEND = YES;
				ENABLE_TESTABILITY = YES;
				GCC_C_LANGUAGE_STANDARD = gnu11;
				GCC_DYNAMIC_NO_PIC = NO;
				GCC_NO_COMMON_BLOCKS = YES;
				GCC_OPTIMIZATION_LEVEL = 0;
				GCC_PREPROCESSOR_DEFINITIONS = (
					"DEBUG=1",
					"$(inherited)",
				);
				GCC_WARN_64_TO_32_BIT_CONVERSION = YES;
				GCC_WARN_ABOUT_RETURN_TYPE = YES_ERROR;
				GCC_WARN_UNDECLARED_SELECTOR = YES;
				GCC_WARN_UNINITIALIZED_AUTOS = YES_AGGRESSIVE;
				GCC_WARN_UNUSED_FUNCTION = YES;
				GCC_WARN_UNUSED_VARIABLE = YES;
				IPHONEOS_DEPLOYMENT_TARGET = 11.2;
				MTL_ENABLE_DEBUG_INFO = YES;
				ONLY_ACTIVE_ARCH = YES;
				SDKROOT = iphoneos;
			};
			name = Debug;
		};
		6477037320340B420024409A /* Release */ = {
			isa = XCBuildConfiguration;
			buildSettings = {
				ALWAYS_SEARCH_USER_PATHS = NO;
				CLANG_ANALYZER_NONNULL = YES;
				CLANG_ANALYZER_NUMBER_OBJECT_CONVERSION = YES_AGGRESSIVE;
				CLANG_CXX_LANGUAGE_STANDARD = "gnu++14";
				CLANG_CXX_LIBRARY = "libc++";
				CLANG_ENABLE_MODULES = YES;
				CLANG_ENABLE_OBJC_ARC = YES;
				CLANG_WARN_BLOCK_CAPTURE_AUTORELEASING = YES;
				CLANG_WARN_BOOL_CONVERSION = YES;
				CLANG_WARN_COMMA = YES;
				CLANG_WARN_CONSTANT_CONVERSION = YES;
				CLANG_WARN_DIRECT_OBJC_ISA_USAGE = YES_ERROR;
				CLANG_WARN_DOCUMENTATION_COMMENTS = YES;
				CLANG_WARN_EMPTY_BODY = YES;
				CLANG_WARN_ENUM_CONVERSION = YES;
				CLANG_WARN_INFINITE_RECURSION = YES;
				CLANG_WARN_INT_CONVERSION = YES;
				CLANG_WARN_NON_LITERAL_NULL_CONVERSION = YES;
				CLANG_WARN_OBJC_LITERAL_CONVERSION = YES;
				CLANG_WARN_OBJC_ROOT_CLASS = YES_ERROR;
				CLANG_WARN_RANGE_LOOP_ANALYSIS = YES;
				CLANG_WARN_STRICT_PROTOTYPES = YES;
				CLANG_WARN_SUSPICIOUS_MOVE = YES;
				CLANG_WARN_UNGUARDED_AVAILABILITY = YES_AGGRESSIVE;
				CLANG_WARN_UNREACHABLE_CODE = YES;
				CLANG_WARN__DUPLICATE_METHOD_MATCH = YES;
				CODE_SIGN_IDENTITY = "iPhone Developer";
				COPY_PHASE_STRIP = NO;
				DEBUG_INFORMATION_FORMAT = "dwarf-with-dsym";
				ENABLE_NS_ASSERTIONS = NO;
				ENABLE_STRICT_OBJC_MSGSEND = YES;
				GCC_C_LANGUAGE_STANDARD = gnu11;
				GCC_NO_COMMON_BLOCKS = YES;
				GCC_WARN_64_TO_32_BIT_CONVERSION = YES;
				GCC_WARN_ABOUT_RETURN_TYPE = YES_ERROR;
				GCC_WARN_UNDECLARED_SELECTOR = YES;
				GCC_WARN_UNINITIALIZED_AUTOS = YES_AGGRESSIVE;
				GCC_WARN_UNUSED_FUNCTION = YES;
				GCC_WARN_UNUSED_VARIABLE = YES;
				IPHONEOS_DEPLOYMENT_TARGET = 11.2;
				MTL_ENABLE_DEBUG_INFO = NO;
				SDKROOT = iphoneos;
				VALIDATE_PRODUCT = YES;
			};
			name = Release;
		};
		6477037520340B420024409A /* Debug */ = {
			isa = XCBuildConfiguration;
			buildSettings = {
				ASSETCATALOG_COMPILER_APPICON_NAME = AppIcon;
				CODE_SIGN_STYLE = Automatic;
				DEVELOPMENT_TEAM = PCCZJUYRT6;
				INFOPLIST_FILE = "stv_project 2.5.7/Info.plist";
				LD_RUNPATH_SEARCH_PATHS = "$(inherited) @executable_path/Frameworks";
				PRODUCT_BUNDLE_IDENTIFIER = "com.aoki.stv-project-2-5-7";
				PRODUCT_NAME = "$(TARGET_NAME)";
				TARGETED_DEVICE_FAMILY = "1,2";
			};
			name = Debug;
		};
		6477037620340B420024409A /* Release */ = {
			isa = XCBuildConfiguration;
			buildSettings = {
				ASSETCATALOG_COMPILER_APPICON_NAME = AppIcon;
				CODE_SIGN_STYLE = Automatic;
				DEVELOPMENT_TEAM = PCCZJUYRT6;
				INFOPLIST_FILE = "stv_project 2.5.7/Info.plist";
				LD_RUNPATH_SEARCH_PATHS = "$(inherited) @executable_path/Frameworks";
				PRODUCT_BUNDLE_IDENTIFIER = "com.aoki.stv-project-2-5-7";
				PRODUCT_NAME = "$(TARGET_NAME)";
				TARGETED_DEVICE_FAMILY = "1,2";
			};
			name = Release;
		};
		6477037820340B420024409A /* Debug */ = {
			isa = XCBuildConfiguration;
			buildSettings = {
				BUNDLE_LOADER = "$(TEST_HOST)";
				CODE_SIGN_STYLE = Automatic;
				DEVELOPMENT_TEAM = KGR299BGCN;
				INFOPLIST_FILE = "stv_project 2.5.7Tests/Info.plist";
				LD_RUNPATH_SEARCH_PATHS = "$(inherited) @executable_path/Frameworks @loader_path/Frameworks";
				PRODUCT_BUNDLE_IDENTIFIER = "com.aoki.stv-project-2-5-7Tests";
				PRODUCT_NAME = "$(TARGET_NAME)";
				TARGETED_DEVICE_FAMILY = "1,2";
				TEST_HOST = "$(BUILT_PRODUCTS_DIR)/stv_project 2.5.7.app/stv_project 2.5.7";
			};
			name = Debug;
		};
		6477037920340B420024409A /* Release */ = {
			isa = XCBuildConfiguration;
			buildSettings = {
				BUNDLE_LOADER = "$(TEST_HOST)";
				CODE_SIGN_STYLE = Automatic;
				DEVELOPMENT_TEAM = KGR299BGCN;
				INFOPLIST_FILE = "stv_project 2.5.7Tests/Info.plist";
				LD_RUNPATH_SEARCH_PATHS = "$(inherited) @executable_path/Frameworks @loader_path/Frameworks";
				PRODUCT_BUNDLE_IDENTIFIER = "com.aoki.stv-project-2-5-7Tests";
				PRODUCT_NAME = "$(TARGET_NAME)";
				TARGETED_DEVICE_FAMILY = "1,2";
				TEST_HOST = "$(BUILT_PRODUCTS_DIR)/stv_project 2.5.7.app/stv_project 2.5.7";
			};
			name = Release;
		};
		6477037B20340B420024409A /* Debug */ = {
			isa = XCBuildConfiguration;
			buildSettings = {
				CODE_SIGN_STYLE = Automatic;
				DEVELOPMENT_TEAM = KGR299BGCN;
				INFOPLIST_FILE = "stv_project 2.5.7UITests/Info.plist";
				LD_RUNPATH_SEARCH_PATHS = "$(inherited) @executable_path/Frameworks @loader_path/Frameworks";
				PRODUCT_BUNDLE_IDENTIFIER = "com.aoki.stv-project-2-5-7UITests";
				PRODUCT_NAME = "$(TARGET_NAME)";
				TARGETED_DEVICE_FAMILY = "1,2";
				TEST_TARGET_NAME = "stv_project 2.5.7";
			};
			name = Debug;
		};
		6477037C20340B420024409A /* Release */ = {
			isa = XCBuildConfiguration;
			buildSettings = {
				CODE_SIGN_STYLE = Automatic;
				DEVELOPMENT_TEAM = KGR299BGCN;
				INFOPLIST_FILE = "stv_project 2.5.7UITests/Info.plist";
				LD_RUNPATH_SEARCH_PATHS = "$(inherited) @executable_path/Frameworks @loader_path/Frameworks";
				PRODUCT_BUNDLE_IDENTIFIER = "com.aoki.stv-project-2-5-7UITests";
				PRODUCT_NAME = "$(TARGET_NAME)";
				TARGETED_DEVICE_FAMILY = "1,2";
				TEST_TARGET_NAME = "stv_project 2.5.7";
			};
			name = Release;
		};
/* End XCBuildConfiguration section */

/* Begin XCConfigurationList section */
		6477034320340B420024409A /* Build configuration list for PBXProject "stv_project 2.5.7" */ = {
			isa = XCConfigurationList;
			buildConfigurations = (
				6477037220340B420024409A /* Debug */,
				6477037320340B420024409A /* Release */,
			);
			defaultConfigurationIsVisible = 0;
			defaultConfigurationName = Release;
		};
		6477037420340B420024409A /* Build configuration list for PBXNativeTarget "stv_project 2.5.7" */ = {
			isa = XCConfigurationList;
			buildConfigurations = (
				6477037520340B420024409A /* Debug */,
				6477037620340B420024409A /* Release */,
			);
			defaultConfigurationIsVisible = 0;
			defaultConfigurationName = Release;
		};
		6477037720340B420024409A /* Build configuration list for PBXNativeTarget "stv_project 2.5.7Tests" */ = {
			isa = XCConfigurationList;
			buildConfigurations = (
				6477037820340B420024409A /* Debug */,
				6477037920340B420024409A /* Release */,
			);
			defaultConfigurationIsVisible = 0;
			defaultConfigurationName = Release;
		};
		6477037A20340B420024409A /* Build configuration list for PBXNativeTarget "stv_project 2.5.7UITests" */ = {
			isa = XCConfigurationList;
			buildConfigurations = (
				6477037B20340B420024409A /* Debug */,
				6477037C20340B420024409A /* Release */,
			);
			defaultConfigurationIsVisible = 0;
			defaultConfigurationName = Release;
		};
/* End XCConfigurationList section */
	};
	rootObject = 6477034020340B420024409A /* Project object */;
}
